// !$*UTF8*$!
{
	archiveVersion = 1;
	classes = {
	};
	objectVersion = 46;
	objects = {

/* Begin PBXBuildFile section */
		FB55B8921E3E7C94002D7372 /* main.swift in Sources */ = {isa = PBXBuildFile; fileRef = FB55B8911E3E7C94002D7372 /* main.swift */; };
		FB55B8991E3E7E0F002D7372 /* Lox.swift in Sources */ = {isa = PBXBuildFile; fileRef = FB55B8981E3E7E0F002D7372 /* Lox.swift */; };
		FB55B89B1E3E7F84002D7372 /* Scanner.swift in Sources */ = {isa = PBXBuildFile; fileRef = FB55B89A1E3E7F84002D7372 /* Scanner.swift */; };
		FB55B89D1E3F1F31002D7372 /* Token.swift in Sources */ = {isa = PBXBuildFile; fileRef = FB55B89C1E3F1F31002D7372 /* Token.swift */; };
		FB77963F1E8CD8BC001599C1 /* Parser.swift in Sources */ = {isa = PBXBuildFile; fileRef = FB77963E1E8CD8BC001599C1 /* Parser.swift */; };
		FB9501011E56E132006C2A81 /* Expr.swift in Sources */ = {isa = PBXBuildFile; fileRef = FB9501001E56E132006C2A81 /* Expr.swift */; };
		FB9501031E5700FD006C2A81 /* AstPrinter.swift in Sources */ = {isa = PBXBuildFile; fileRef = FB9501021E5700FD006C2A81 /* AstPrinter.swift */; };
/* End PBXBuildFile section */

/* Begin PBXCopyFilesBuildPhase section */
		FB55B88C1E3E7C94002D7372 /* CopyFiles */ = {
			isa = PBXCopyFilesBuildPhase;
			buildActionMask = 2147483647;
			dstPath = /usr/share/man/man1/;
			dstSubfolderSpec = 0;
			files = (
			);
			runOnlyForDeploymentPostprocessing = 1;
		};
/* End PBXCopyFilesBuildPhase section */

/* Begin PBXFileReference section */
		FB55B88E1E3E7C94002D7372 /* slox */ = {isa = PBXFileReference; explicitFileType = "compiled.mach-o.executable"; includeInIndex = 0; path = slox; sourceTree = BUILT_PRODUCTS_DIR; };
		FB55B8911E3E7C94002D7372 /* main.swift */ = {isa = PBXFileReference; lastKnownFileType = sourcecode.swift; path = main.swift; sourceTree = "<group>"; };
		FB55B8981E3E7E0F002D7372 /* Lox.swift */ = {isa = PBXFileReference; fileEncoding = 4; lastKnownFileType = sourcecode.swift; path = Lox.swift; sourceTree = "<group>"; };
		FB55B89A1E3E7F84002D7372 /* Scanner.swift */ = {isa = PBXFileReference; fileEncoding = 4; lastKnownFileType = sourcecode.swift; path = Scanner.swift; sourceTree = "<group>"; };
		FB55B89C1E3F1F31002D7372 /* Token.swift */ = {isa = PBXFileReference; fileEncoding = 4; lastKnownFileType = sourcecode.swift; path = Token.swift; sourceTree = "<group>"; };
		FB77963E1E8CD8BC001599C1 /* Parser.swift */ = {isa = PBXFileReference; fileEncoding = 4; lastKnownFileType = sourcecode.swift; path = Parser.swift; sourceTree = "<group>"; };
		FB9501001E56E132006C2A81 /* Expr.swift */ = {isa = PBXFileReference; fileEncoding = 4; lastKnownFileType = sourcecode.swift; path = Expr.swift; sourceTree = "<group>"; };
		FB9501021E5700FD006C2A81 /* AstPrinter.swift */ = {isa = PBXFileReference; fileEncoding = 4; lastKnownFileType = sourcecode.swift; path = AstPrinter.swift; sourceTree = "<group>"; };
/* End PBXFileReference section */

/* Begin PBXFrameworksBuildPhase section */
		FB55B88B1E3E7C94002D7372 /* Frameworks */ = {
			isa = PBXFrameworksBuildPhase;
			buildActionMask = 2147483647;
			files = (
			);
			runOnlyForDeploymentPostprocessing = 0;
		};
/* End PBXFrameworksBuildPhase section */

/* Begin PBXGroup section */
		FB55B8851E3E7C94002D7372 = {
			isa = PBXGroup;
			children = (
				FB55B8901E3E7C94002D7372 /* slox */,
				FB55B88F1E3E7C94002D7372 /* Products */,
			);
			sourceTree = "<group>";
		};
		FB55B88F1E3E7C94002D7372 /* Products */ = {
			isa = PBXGroup;
			children = (
				FB55B88E1E3E7C94002D7372 /* slox */,
			);
			name = Products;
			sourceTree = "<group>";
		};
		FB55B8901E3E7C94002D7372 /* slox */ = {
			isa = PBXGroup;
			children = (
				FB55B8911E3E7C94002D7372 /* main.swift */,
				FB55B8981E3E7E0F002D7372 /* Lox.swift */,
				FB55B89A1E3E7F84002D7372 /* Scanner.swift */,
				FB77963E1E8CD8BC001599C1 /* Parser.swift */,
				FB55B89C1E3F1F31002D7372 /* Token.swift */,
				FB9501001E56E132006C2A81 /* Expr.swift */,
				FB9501021E5700FD006C2A81 /* AstPrinter.swift */,
			);
			path = slox;
			sourceTree = "<group>";
		};
/* End PBXGroup section */

/* Begin PBXNativeTarget section */
		FB55B88D1E3E7C94002D7372 /* slox */ = {
			isa = PBXNativeTarget;
			buildConfigurationList = FB55B8951E3E7C94002D7372 /* Build configuration list for PBXNativeTarget "slox" */;
			buildPhases = (
				FB7796401E8CDC90001599C1 /* Swiftformat */,
				FB55B88A1E3E7C94002D7372 /* Sources */,
				FB55B88B1E3E7C94002D7372 /* Frameworks */,
				FB55B88C1E3E7C94002D7372 /* CopyFiles */,
			);
			buildRules = (
			);
			dependencies = (
			);
			name = slox;
			productName = slox;
			productReference = FB55B88E1E3E7C94002D7372 /* slox */;
			productType = "com.apple.product-type.tool";
		};
/* End PBXNativeTarget section */

/* Begin PBXProject section */
		FB55B8861E3E7C94002D7372 /* Project object */ = {
			isa = PBXProject;
			attributes = {
				LastSwiftUpdateCheck = 0820;
				LastUpgradeCheck = 0820;
				ORGANIZATIONNAME = "Alejandro Martinez";
				TargetAttributes = {
					FB55B88D1E3E7C94002D7372 = {
						CreatedOnToolsVersion = 8.2.1;
						ProvisioningStyle = Automatic;
					};
				};
			};
			buildConfigurationList = FB55B8891E3E7C94002D7372 /* Build configuration list for PBXProject "slox" */;
			compatibilityVersion = "Xcode 3.2";
			developmentRegion = English;
			hasScannedForEncodings = 0;
			knownRegions = (
				en,
			);
			mainGroup = FB55B8851E3E7C94002D7372;
			productRefGroup = FB55B88F1E3E7C94002D7372 /* Products */;
			projectDirPath = "";
			projectRoot = "";
			targets = (
				FB55B88D1E3E7C94002D7372 /* slox */,
			);
		};
/* End PBXProject section */

/* Begin PBXShellScriptBuildPhase section */
		FB7796401E8CDC90001599C1 /* Swiftformat */ = {
			isa = PBXShellScriptBuildPhase;
			buildActionMask = 2147483647;
			files = (
			);
			inputPaths = (
			);
			name = Swiftformat;
			outputPaths = (
			);
			runOnlyForDeploymentPostprocessing = 0;
			shellPath = /bin/sh;
			shellScript = "\"${SRCROOT}/../swiftformat\" \"${SRCROOT}/slox/\" --disable \"unusedArguments,hoistPatternLet,redundantReturn,redundantRawValues,numberFormatting\"";
		};
/* End PBXShellScriptBuildPhase section */

/* Begin PBXSourcesBuildPhase section */
		FB55B88A1E3E7C94002D7372 /* Sources */ = {
			isa = PBXSourcesBuildPhase;
			buildActionMask = 2147483647;
			files = (
				FB9501011E56E132006C2A81 /* Expr.swift in Sources */,
				FB55B8921E3E7C94002D7372 /* main.swift in Sources */,
				FB55B89B1E3E7F84002D7372 /* Scanner.swift in Sources */,
				FB55B8991E3E7E0F002D7372 /* Lox.swift in Sources */,
				FB55B89D1E3F1F31002D7372 /* Token.swift in Sources */,
				FB9501031E5700FD006C2A81 /* AstPrinter.swift in Sources */,
				FB77963F1E8CD8BC001599C1 /* Parser.swift in Sources */,
			);
			runOnlyForDeploymentPostprocessing = 0;
		};
/* End PBXSourcesBuildPhase section */

/* Begin XCBuildConfiguration section */
		FB55B8931E3E7C94002D7372 /* Debug */ = {
			isa = XCBuildConfiguration;
			buildSettings = {
				ALWAYS_SEARCH_USER_PATHS = NO;
				CLANG_ANALYZER_NONNULL = YES;
				CLANG_CXX_LANGUAGE_STANDARD = "gnu++0x";
				CLANG_CXX_LIBRARY = "libc++";
				CLANG_ENABLE_MODULES = YES;
				CLANG_ENABLE_OBJC_ARC = YES;
				CLANG_WARN_BOOL_CONVERSION = YES;
				CLANG_WARN_CONSTANT_CONVERSION = YES;
				CLANG_WARN_DIRECT_OBJC_ISA_USAGE = YES_ERROR;
				CLANG_WARN_DOCUMENTATION_COMMENTS = YES;
				CLANG_WARN_EMPTY_BODY = YES;
				CLANG_WARN_ENUM_CONVERSION = YES;
				CLANG_WARN_INFINITE_RECURSION = YES;
				CLANG_WARN_INT_CONVERSION = YES;
				CLANG_WARN_OBJC_ROOT_CLASS = YES_ERROR;
				CLANG_WARN_SUSPICIOUS_MOVE = YES;
				CLANG_WARN_UNREACHABLE_CODE = YES;
				CLANG_WARN__DUPLICATE_METHOD_MATCH = YES;
				CODE_SIGN_IDENTITY = "-";
				COPY_PHASE_STRIP = NO;
				DEBUG_INFORMATION_FORMAT = dwarf;
				ENABLE_STRICT_OBJC_MSGSEND = YES;
				ENABLE_TESTABILITY = YES;
				GCC_C_LANGUAGE_STANDARD = gnu99;
				GCC_DYNAMIC_NO_PIC = NO;
				GCC_NO_COMMON_BLOCKS = YES;
				GCC_OPTIMIZATION_LEVEL = 0;
				GCC_PREPROCESSOR_DEFINITIONS = (
					"DEBUG=1",
					"$(inherited)",
				);
				GCC_WARN_64_TO_32_BIT_CONVERSION = YES;
				GCC_WARN_ABOUT_RETURN_TYPE = YES_ERROR;
				GCC_WARN_UNDECLARED_SELECTOR = YES;
				GCC_WARN_UNINITIALIZED_AUTOS = YES_AGGRESSIVE;
				GCC_WARN_UNUSED_FUNCTION = YES;
				GCC_WARN_UNUSED_VARIABLE = YES;
				MACOSX_DEPLOYMENT_TARGET = 10.12;
				MTL_ENABLE_DEBUG_INFO = YES;
				ONLY_ACTIVE_ARCH = YES;
				SDKROOT = macosx;
				SWIFT_OPTIMIZATION_LEVEL = "-Onone";
			};
			name = Debug;
		};
		FB55B8941E3E7C94002D7372 /* Release */ = {
			isa = XCBuildConfiguration;
			buildSettings = {
				ALWAYS_SEARCH_USER_PATHS = NO;
				CLANG_ANALYZER_NONNULL = YES;
				CLANG_CXX_LANGUAGE_STANDARD = "gnu++0x";
				CLANG_CXX_LIBRARY = "libc++";
				CLANG_ENABLE_MODULES = YES;
				CLANG_ENABLE_OBJC_ARC = YES;
				CLANG_WARN_BOOL_CONVERSION = YES;
				CLANG_WARN_CONSTANT_CONVERSION = YES;
				CLANG_WARN_DIRECT_OBJC_ISA_USAGE = YES_ERROR;
				CLANG_WARN_DOCUMENTATION_COMMENTS = YES;
				CLANG_WARN_EMPTY_BODY = YES;
				CLANG_WARN_ENUM_CONVERSION = YES;
				CLANG_WARN_INFINITE_RECURSION = YES;
				CLANG_WARN_INT_CONVERSION = YES;
				CLANG_WARN_OBJC_ROOT_CLASS = YES_ERROR;
				CLANG_WARN_SUSPICIOUS_MOVE = YES;
				CLANG_WARN_UNREACHABLE_CODE = YES;
				CLANG_WARN__DUPLICATE_METHOD_MATCH = YES;
				CODE_SIGN_IDENTITY = "-";
				COPY_PHASE_STRIP = NO;
				DEBUG_INFORMATION_FORMAT = "dwarf-with-dsym";
				ENABLE_NS_ASSERTIONS = NO;
				ENABLE_STRICT_OBJC_MSGSEND = YES;
				GCC_C_LANGUAGE_STANDARD = gnu99;
				GCC_NO_COMMON_BLOCKS = YES;
				GCC_WARN_64_TO_32_BIT_CONVERSION = YES;
				GCC_WARN_ABOUT_RETURN_TYPE = YES_ERROR;
				GCC_WARN_UNDECLARED_SELECTOR = YES;
				GCC_WARN_UNINITIALIZED_AUTOS = YES_AGGRESSIVE;
				GCC_WARN_UNUSED_FUNCTION = YES;
				GCC_WARN_UNUSED_VARIABLE = YES;
				MACOSX_DEPLOYMENT_TARGET = 10.12;
				MTL_ENABLE_DEBUG_INFO = NO;
				SDKROOT = macosx;
			};
			name = Release;
		};
		FB55B8961E3E7C94002D7372 /* Debug */ = {
			isa = XCBuildConfiguration;
			buildSettings = {
				PRODUCT_NAME = "$(TARGET_NAME)";
				SWIFT_VERSION = 3.0;
			};
			name = Debug;
		};
		FB55B8971E3E7C94002D7372 /* Release */ = {
			isa = XCBuildConfiguration;
			buildSettings = {
				PRODUCT_NAME = "$(TARGET_NAME)";
				SWIFT_VERSION = 3.0;
			};
			name = Release;
		};
/* End XCBuildConfiguration section */

/* Begin XCConfigurationList section */
		FB55B8891E3E7C94002D7372 /* Build configuration list for PBXProject "slox" */ = {
			isa = XCConfigurationList;
			buildConfigurations = (
				FB55B8931E3E7C94002D7372 /* Debug */,
				FB55B8941E3E7C94002D7372 /* Release */,
			);
			defaultConfigurationIsVisible = 0;
			defaultConfigurationName = Release;
		};
		FB55B8951E3E7C94002D7372 /* Build configuration list for PBXNativeTarget "slox" */ = {
			isa = XCConfigurationList;
			buildConfigurations = (
				FB55B8961E3E7C94002D7372 /* Debug */,
				FB55B8971E3E7C94002D7372 /* Release */,
			);
			defaultConfigurationIsVisible = 0;
			defaultConfigurationName = Release;
		};
/* End XCConfigurationList section */
	};
	rootObject = FB55B8861E3E7C94002D7372 /* Project object */;
}
